
Microsoft Visual Studio Solution File, Format Version 12.00
# Visual Studio Version 17
VisualStudioVersion = 17.13.35931.197 d17.13
MinimumVisualStudioVersion = 10.0.40219.1
Project("{FAE04EC0-301F-11D3-BF4B-00C04F79EFBC}") = "OpenCart.Server", "OpenCart.Server\OpenCart.Server.csproj", "{B54C4EA3-FEB3-4DE3-8DC0-A5F93371BEB9}"
EndProject
Project("{FAE04EC0-301F-11D3-BF4B-00C04F79EFBC}") = "OpenCart.Server.Entity", "OpenCart.Server.Entity\OpenCart.Server.Entity.csproj", "{FDFA3B7E-F975-4881-996C-3EBE450937DF}"
EndProject
Global
	GlobalSection(SolutionConfigurationPlatforms) = preSolution
		Debug|Any CPU = Debug|Any CPU
		Release|Any CPU = Release|Any CPU
	EndGlobalSection
	GlobalSection(ProjectConfigurationPlatforms) = postSolution
		{B54C4EA3-FEB3-4DE3-8DC0-A5F93371BEB9}.Debug|Any CPU.ActiveCfg = Debug|Any CPU
		{B54C4EA3-FEB3-4DE3-8DC0-A5F93371BEB9}.Debug|Any CPU.Build.0 = Debug|Any CPU
		{B54C4EA3-FEB3-4DE3-8DC0-A5F93371BEB9}.Release|Any CPU.ActiveCfg = Release|Any CPU
		{B54C4EA3-FEB3-4DE3-8DC0-A5F93371BEB9}.Release|Any CPU.Build.0 = Release|Any CPU
		{FDFA3B7E-F975-4881-996C-3EBE450937DF}.Debug|Any CPU.ActiveCfg = Debug|Any CPU
		{FDFA3B7E-F975-4881-996C-3EBE450937DF}.Debug|Any CPU.Build.0 = Debug|Any CPU
		{FDFA3B7E-F975-4881-996C-3EBE450937DF}.Release|Any CPU.ActiveCfg = Release|Any CPU
		{FDFA3B7E-F975-4881-996C-3EBE450937DF}.Release|Any CPU.Build.0 = Release|Any CPU
	EndGlobalSection
	GlobalSection(SolutionProperties) = preSolution
		HideSolutionNode = FALSE
	EndGlobalSection
	GlobalSection(ExtensibilityGlobals) = postSolution
		SolutionGuid = {617AFAB3-AE5B-4623-868D-A4689510F9FB}
	EndGlobalSection
EndGlobal
